
Microsoft Visual Studio Solution File, Format Version 12.00
# Visual Studio Version 16
VisualStudioVersion = 16.0.31410.357
MinimumVisualStudioVersion = 10.0.40219.1
Project("{9A19103F-16F7-4668-BE54-9A1E7A4F7556}") = "InvoicierWebApiV1", "InvoicierWebApiV1\InvoicierWebApiV1.csproj", "{CE8F309F-825E-4706-AE49-BDD779FC09A7}"
EndProject
Project("{9A19103F-16F7-4668-BE54-9A1E7A4F7556}") = "InvoicierWebApiV1.Data", "InvoicierWebApiV1.Data\InvoicierWebApiV1.Data.csproj", "{9AD6AE44-44E7-48DB-A361-59525E4CC93F}"
EndProject
Project("{FAE04EC0-301F-11D3-BF4B-00C04F79EFBC}") = "InvoicierWebApiV1.Service", "InvoicierWebApiV1.Service\InvoicierWebApiV1.Service.csproj", "{2A691131-E416-4A99-83B4-4F9E6326C1C7}"
EndProject
Global
	GlobalSection(SolutionConfigurationPlatforms) = preSolution
		Debug|Any CPU = Debug|Any CPU
		Release|Any CPU = Release|Any CPU
	EndGlobalSection
	GlobalSection(ProjectConfigurationPlatforms) = postSolution
		{CE8F309F-825E-4706-AE49-BDD779FC09A7}.Debug|Any CPU.ActiveCfg = Debug|Any CPU
		{CE8F309F-825E-4706-AE49-BDD779FC09A7}.Debug|Any CPU.Build.0 = Debug|Any CPU
		{CE8F309F-825E-4706-AE49-BDD779FC09A7}.Release|Any CPU.ActiveCfg = Release|Any CPU
		{CE8F309F-825E-4706-AE49-BDD779FC09A7}.Release|Any CPU.Build.0 = Release|Any CPU
		{9AD6AE44-44E7-48DB-A361-59525E4CC93F}.Debug|Any CPU.ActiveCfg = Debug|Any CPU
		{9AD6AE44-44E7-48DB-A361-59525E4CC93F}.Debug|Any CPU.Build.0 = Debug|Any CPU
		{9AD6AE44-44E7-48DB-A361-59525E4CC93F}.Release|Any CPU.ActiveCfg = Release|Any CPU
		{9AD6AE44-44E7-48DB-A361-59525E4CC93F}.Release|Any CPU.Build.0 = Release|Any CPU
		{2A691131-E416-4A99-83B4-4F9E6326C1C7}.Debug|Any CPU.ActiveCfg = Debug|Any CPU
		{2A691131-E416-4A99-83B4-4F9E6326C1C7}.Debug|Any CPU.Build.0 = Debug|Any CPU
		{2A691131-E416-4A99-83B4-4F9E6326C1C7}.Release|Any CPU.ActiveCfg = Release|Any CPU
		{2A691131-E416-4A99-83B4-4F9E6326C1C7}.Release|Any CPU.Build.0 = Release|Any CPU
	EndGlobalSection
	GlobalSection(SolutionProperties) = preSolution
		HideSolutionNode = FALSE
	EndGlobalSection
	GlobalSection(ExtensibilityGlobals) = postSolution
		SolutionGuid = {F80A526E-9332-4BBA-A59F-B5102D623A3D}
	EndGlobalSection
EndGlobal
